
Microsoft Visual Studio Solution File, Format Version 12.00
# Visual Studio 15
VisualStudioVersion = 15.0.27004.2002
MinimumVisualStudioVersion = 10.0.40219.1
Project("{FAE04EC0-301F-11D3-BF4B-00C04F79EFBC}") = "RoyalXamarinNetClient", "RoyalXamarinNetClient\RoyalXamarinNetClient.csproj", "{15F61321-24EF-4D11-A789-B93C7144D20E}"
EndProject
Global
	GlobalSection(SolutionConfigurationPlatforms) = preSolution
		Debug|Any CPU = Debug|Any CPU
		Release|Any CPU = Release|Any CPU
	EndGlobalSection
	GlobalSection(ProjectConfigurationPlatforms) = postSolution
		{15F61321-24EF-4D11-A789-B93C7144D20E}.Debug|Any CPU.ActiveCfg = Debug|Any CPU
		{15F61321-24EF-4D11-A789-B93C7144D20E}.Debug|Any CPU.Build.0 = Debug|Any CPU
		{15F61321-24EF-4D11-A789-B93C7144D20E}.Release|Any CPU.ActiveCfg = Release|Any CPU
		{15F61321-24EF-4D11-A789-B93C7144D20E}.Release|Any CPU.Build.0 = Release|Any CPU
	EndGlobalSection
	GlobalSection(SolutionProperties) = preSolution
		HideSolutionNode = FALSE
	EndGlobalSection
	GlobalSection(ExtensibilityGlobals) = postSolution
		SolutionGuid = {882FA3A0-6B37-4FEA-8137-6CE4DD526748}
	EndGlobalSection
EndGlobal
